
Microsoft Visual Studio Solution File, Format Version 12.00
# Visual Studio Version 17
VisualStudioVersion = 17.4.33213.308
MinimumVisualStudioVersion = 10.0.40219.1
Project("{9A19103F-16F7-4668-BE54-9A1E7A4F7556}") = "scaffold", "WebApplication1\scaffold.csproj", "{931FF457-B951-40A6-9368-B28A45E63306}"
EndProject
Project("{2150E333-8FDC-42A3-9474-1A3956D46DE8}") = "src", "src", "{D2605533-15BC-4DB1-A419-E7B46514C778}"
EndProject
Project("{2150E333-8FDC-42A3-9474-1A3956D46DE8}") = "01-Domin", "01-Domin", "{AC525504-142F-4441-BBEB-EC9213D10494}"
EndProject
Project("{2150E333-8FDC-42A3-9474-1A3956D46DE8}") = "02-Infrastructure", "02-Infrastructure", "{6D771E5F-EBC0-4037-A787-4B647D3CDC57}"
EndProject
Project("{2150E333-8FDC-42A3-9474-1A3956D46DE8}") = "03-EndPoint", "03-EndPoint", "{36A17914-8624-4B52-9590-AF3915334499}"
EndProject
Project("{2150E333-8FDC-42A3-9474-1A3956D46DE8}") = "Core", "Core", "{9797EA44-B1BA-481F-B3D4-DCA752F3450F}"
EndProject
Project("{2150E333-8FDC-42A3-9474-1A3956D46DE8}") = "Services", "Services", "{511713FA-0780-425C-9C5C-A3D6B470FADA}"
EndProject
Project("{9A19103F-16F7-4668-BE54-9A1E7A4F7556}") = "App.Domin.Core", "App.Domin.Core\App.Domin.Core.csproj", "{9E5B97FA-B527-4DA6-AA82-714FB8967D9E}"
EndProject
Project("{2150E333-8FDC-42A3-9474-1A3956D46DE8}") = "DataAccess", "DataAccess", "{ED511C7D-880D-4546-A57E-8E76B0DBA6D9}"
EndProject
Project("{2150E333-8FDC-42A3-9474-1A3956D46DE8}") = "Db", "Db", "{4B475A0F-CD6E-485D-9832-E10381440CBC}"
EndProject
Project("{FAE04EC0-301F-11D3-BF4B-00C04F79EFBC}") = "App.Infra.Db.sqlServer.Ef", "App.Infra.Db.sqlServer.Ef\App.Infra.Db.sqlServer.Ef.csproj", "{B30E58CD-4BE3-465A-9799-7D15DDAA5963}"
EndProject
Project("{FAE04EC0-301F-11D3-BF4B-00C04F79EFBC}") = "App.Infra.DataAccess.Repos.Ef", "App.Infra.DataAccess.Repos.Ef\App.Infra.DataAccess.Repos.Ef.csproj", "{35AFACBE-1606-426B-96A6-A59E5AB33064}"
EndProject
Project("{2150E333-8FDC-42A3-9474-1A3956D46DE8}") = "Config", "Config", "{E5B57E50-E3FE-447A-9E24-86C489177525}"
EndProject
Project("{FAE04EC0-301F-11D3-BF4B-00C04F79EFBC}") = "App.Infra.Config", "App.Infra.Config\App.Infra.Config.csproj", "{84D106EB-3996-44D6-8BC5-6898EE004DA4}"
EndProject
Project("{FAE04EC0-301F-11D3-BF4B-00C04F79EFBC}") = "BidLand.Web", "BidLand.Web\BidLand.Web.csproj", "{27B6E38D-F5DF-447B-B28B-288D6BF64901}"
EndProject
Project("{2150E333-8FDC-42A3-9474-1A3956D46DE8}") = "Scaffold", "Scaffold", "{829BE6F4-4C74-4B77-A088-1BCE20A733FB}"
EndProject
Project("{2150E333-8FDC-42A3-9474-1A3956D46DE8}") = "Test", "Test", "{CB04177A-A80F-4675-B04A-5E4DCF2BB494}"
EndProject
Project("{2150E333-8FDC-42A3-9474-1A3956D46DE8}") = "Framework", "Framework", "{0AEED90F-CF14-4A77-B6EB-5C7F8C59B787}"
EndProject
Project("{FAE04EC0-301F-11D3-BF4B-00C04F79EFBC}") = "BidLand.Framework", "BidLand.Framework\BidLand.Framework.csproj", "{99C089CD-9CFC-43D7-9313-A60848C0ABD2}"
EndProject
Project("{2150E333-8FDC-42A3-9474-1A3956D46DE8}") = "xuint", "xuint", "{D7894095-68F2-44FC-AFAD-051D85A44553}"
EndProject
Project("{FAE04EC0-301F-11D3-BF4B-00C04F79EFBC}") = "BidLand.Test.xunit", "BidLand.Test.xunit\BidLand.Test.xunit.csproj", "{BC717B65-C052-4667-A016-35D3A2275A0E}"
EndProject
Project("{FAE04EC0-301F-11D3-BF4B-00C04F79EFBC}") = "App.Domin.Services", "App.Domin.Services\App.Domin.Services.csproj", "{06B35A2D-9DEC-4BDF-A1F3-36C5115FEFEF}"
EndProject
Project("{FAE04EC0-301F-11D3-BF4B-00C04F79EFBC}") = "App.Domin.AppServices", "App.Domin.AppServices\App.Domin.AppServices.csproj", "{3D378121-D4EE-4DE6-AE40-9B3B0083797E}"
EndProject
Global
	GlobalSection(SolutionConfigurationPlatforms) = preSolution
		Debug|Any CPU = Debug|Any CPU
		Release|Any CPU = Release|Any CPU
	EndGlobalSection
	GlobalSection(ProjectConfigurationPlatforms) = postSolution
		{931FF457-B951-40A6-9368-B28A45E63306}.Debug|Any CPU.ActiveCfg = Debug|Any CPU
		{931FF457-B951-40A6-9368-B28A45E63306}.Debug|Any CPU.Build.0 = Debug|Any CPU
		{931FF457-B951-40A6-9368-B28A45E63306}.Release|Any CPU.ActiveCfg = Release|Any CPU
		{931FF457-B951-40A6-9368-B28A45E63306}.Release|Any CPU.Build.0 = Release|Any CPU
		{9E5B97FA-B527-4DA6-AA82-714FB8967D9E}.Debug|Any CPU.ActiveCfg = Debug|Any CPU
		{9E5B97FA-B527-4DA6-AA82-714FB8967D9E}.Debug|Any CPU.Build.0 = Debug|Any CPU
		{9E5B97FA-B527-4DA6-AA82-714FB8967D9E}.Release|Any CPU.ActiveCfg = Release|Any CPU
		{9E5B97FA-B527-4DA6-AA82-714FB8967D9E}.Release|Any CPU.Build.0 = Release|Any CPU
		{B30E58CD-4BE3-465A-9799-7D15DDAA5963}.Debug|Any CPU.ActiveCfg = Debug|Any CPU
		{B30E58CD-4BE3-465A-9799-7D15DDAA5963}.Debug|Any CPU.Build.0 = Debug|Any CPU
		{B30E58CD-4BE3-465A-9799-7D15DDAA5963}.Release|Any CPU.ActiveCfg = Release|Any CPU
		{B30E58CD-4BE3-465A-9799-7D15DDAA5963}.Release|Any CPU.Build.0 = Release|Any CPU
		{35AFACBE-1606-426B-96A6-A59E5AB33064}.Debug|Any CPU.ActiveCfg = Debug|Any CPU
		{35AFACBE-1606-426B-96A6-A59E5AB33064}.Debug|Any CPU.Build.0 = Debug|Any CPU
		{35AFACBE-1606-426B-96A6-A59E5AB33064}.Release|Any CPU.ActiveCfg = Release|Any CPU
		{35AFACBE-1606-426B-96A6-A59E5AB33064}.Release|Any CPU.Build.0 = Release|Any CPU
		{84D106EB-3996-44D6-8BC5-6898EE004DA4}.Debug|Any CPU.ActiveCfg = Debug|Any CPU
		{84D106EB-3996-44D6-8BC5-6898EE004DA4}.Debug|Any CPU.Build.0 = Debug|Any CPU
		{84D106EB-3996-44D6-8BC5-6898EE004DA4}.Release|Any CPU.ActiveCfg = Release|Any CPU
		{84D106EB-3996-44D6-8BC5-6898EE004DA4}.Release|Any CPU.Build.0 = Release|Any CPU
		{27B6E38D-F5DF-447B-B28B-288D6BF64901}.Debug|Any CPU.ActiveCfg = Debug|Any CPU
		{27B6E38D-F5DF-447B-B28B-288D6BF64901}.Debug|Any CPU.Build.0 = Debug|Any CPU
		{27B6E38D-F5DF-447B-B28B-288D6BF64901}.Release|Any CPU.ActiveCfg = Release|Any CPU
		{27B6E38D-F5DF-447B-B28B-288D6BF64901}.Release|Any CPU.Build.0 = Release|Any CPU
		{99C089CD-9CFC-43D7-9313-A60848C0ABD2}.Debug|Any CPU.ActiveCfg = Debug|Any CPU
		{99C089CD-9CFC-43D7-9313-A60848C0ABD2}.Debug|Any CPU.Build.0 = Debug|Any CPU
		{99C089CD-9CFC-43D7-9313-A60848C0ABD2}.Release|Any CPU.ActiveCfg = Release|Any CPU
		{99C089CD-9CFC-43D7-9313-A60848C0ABD2}.Release|Any CPU.Build.0 = Release|Any CPU
		{BC717B65-C052-4667-A016-35D3A2275A0E}.Debug|Any CPU.ActiveCfg = Debug|Any CPU
		{BC717B65-C052-4667-A016-35D3A2275A0E}.Debug|Any CPU.Build.0 = Debug|Any CPU
		{BC717B65-C052-4667-A016-35D3A2275A0E}.Release|Any CPU.ActiveCfg = Release|Any CPU
		{BC717B65-C052-4667-A016-35D3A2275A0E}.Release|Any CPU.Build.0 = Release|Any CPU
		{06B35A2D-9DEC-4BDF-A1F3-36C5115FEFEF}.Debug|Any CPU.ActiveCfg = Debug|Any CPU
		{06B35A2D-9DEC-4BDF-A1F3-36C5115FEFEF}.Debug|Any CPU.Build.0 = Debug|Any CPU
		{06B35A2D-9DEC-4BDF-A1F3-36C5115FEFEF}.Release|Any CPU.ActiveCfg = Release|Any CPU
		{06B35A2D-9DEC-4BDF-A1F3-36C5115FEFEF}.Release|Any CPU.Build.0 = Release|Any CPU
		{3D378121-D4EE-4DE6-AE40-9B3B0083797E}.Debug|Any CPU.ActiveCfg = Debug|Any CPU
		{3D378121-D4EE-4DE6-AE40-9B3B0083797E}.Debug|Any CPU.Build.0 = Debug|Any CPU
		{3D378121-D4EE-4DE6-AE40-9B3B0083797E}.Release|Any CPU.ActiveCfg = Release|Any CPU
		{3D378121-D4EE-4DE6-AE40-9B3B0083797E}.Release|Any CPU.Build.0 = Release|Any CPU
	EndGlobalSection
	GlobalSection(SolutionProperties) = preSolution
		HideSolutionNode = FALSE
	EndGlobalSection
	GlobalSection(NestedProjects) = preSolution
		{931FF457-B951-40A6-9368-B28A45E63306} = {829BE6F4-4C74-4B77-A088-1BCE20A733FB}
		{AC525504-142F-4441-BBEB-EC9213D10494} = {D2605533-15BC-4DB1-A419-E7B46514C778}
		{6D771E5F-EBC0-4037-A787-4B647D3CDC57} = {D2605533-15BC-4DB1-A419-E7B46514C778}
		{36A17914-8624-4B52-9590-AF3915334499} = {D2605533-15BC-4DB1-A419-E7B46514C778}
		{9797EA44-B1BA-481F-B3D4-DCA752F3450F} = {AC525504-142F-4441-BBEB-EC9213D10494}
		{511713FA-0780-425C-9C5C-A3D6B470FADA} = {AC525504-142F-4441-BBEB-EC9213D10494}
		{9E5B97FA-B527-4DA6-AA82-714FB8967D9E} = {9797EA44-B1BA-481F-B3D4-DCA752F3450F}
		{ED511C7D-880D-4546-A57E-8E76B0DBA6D9} = {6D771E5F-EBC0-4037-A787-4B647D3CDC57}
		{4B475A0F-CD6E-485D-9832-E10381440CBC} = {6D771E5F-EBC0-4037-A787-4B647D3CDC57}
		{B30E58CD-4BE3-465A-9799-7D15DDAA5963} = {4B475A0F-CD6E-485D-9832-E10381440CBC}
		{35AFACBE-1606-426B-96A6-A59E5AB33064} = {ED511C7D-880D-4546-A57E-8E76B0DBA6D9}
		{E5B57E50-E3FE-447A-9E24-86C489177525} = {6D771E5F-EBC0-4037-A787-4B647D3CDC57}
		{84D106EB-3996-44D6-8BC5-6898EE004DA4} = {E5B57E50-E3FE-447A-9E24-86C489177525}
		{27B6E38D-F5DF-447B-B28B-288D6BF64901} = {36A17914-8624-4B52-9590-AF3915334499}
		{829BE6F4-4C74-4B77-A088-1BCE20A733FB} = {D2605533-15BC-4DB1-A419-E7B46514C778}
		{99C089CD-9CFC-43D7-9313-A60848C0ABD2} = {0AEED90F-CF14-4A77-B6EB-5C7F8C59B787}
		{D7894095-68F2-44FC-AFAD-051D85A44553} = {CB04177A-A80F-4675-B04A-5E4DCF2BB494}
		{BC717B65-C052-4667-A016-35D3A2275A0E} = {D7894095-68F2-44FC-AFAD-051D85A44553}
		{06B35A2D-9DEC-4BDF-A1F3-36C5115FEFEF} = {511713FA-0780-425C-9C5C-A3D6B470FADA}
		{3D378121-D4EE-4DE6-AE40-9B3B0083797E} = {511713FA-0780-425C-9C5C-A3D6B470FADA}
	EndGlobalSection
	GlobalSection(ExtensibilityGlobals) = postSolution
		SolutionGuid = {D3B0F117-FC8B-4B9A-BAF3-0A84DFB86AAA}
	EndGlobalSection
EndGlobal
